// !$*UTF8*$!
{
	archiveVersion = 1;
	classes = {
	};
	objectVersion = 48;
	objects = {

/* Begin PBXBuildFile section */
		290D04DC983D3BF766C294AD /* Pods_DreamHelper.framework in Frameworks */ = {isa = PBXBuildFile; fileRef = A3E5F3224CB6CBA37BB5D5D2 /* Pods_DreamHelper.framework */; };
		F54F5EA7202E209200E87DC3 /* Option.swift in Sources */ = {isa = PBXBuildFile; fileRef = F54F5EA6202E209200E87DC3 /* Option.swift */; };
		F54F5EA9202E28D900E87DC3 /* ConcertsViewController.swift in Sources */ = {isa = PBXBuildFile; fileRef = F54F5EA8202E28D900E87DC3 /* ConcertsViewController.swift */; };
		F54F5EAB202E2B5F00E87DC3 /* TableViewCell.swift in Sources */ = {isa = PBXBuildFile; fileRef = F54F5EAA202E2B5F00E87DC3 /* TableViewCell.swift */; };
		F57D5D30202CB46700ED9703 /* AppDelegate.swift in Sources */ = {isa = PBXBuildFile; fileRef = F57D5D2F202CB46700ED9703 /* AppDelegate.swift */; };
		F57D5D32202CB46700ED9703 /* MainViewController.swift in Sources */ = {isa = PBXBuildFile; fileRef = F57D5D31202CB46700ED9703 /* MainViewController.swift */; };
		F57D5D35202CB46700ED9703 /* Main.storyboard in Resources */ = {isa = PBXBuildFile; fileRef = F57D5D33202CB46700ED9703 /* Main.storyboard */; };
		F57D5D38202CB46700ED9703 /* DreamHelper.xcdatamodeld in Sources */ = {isa = PBXBuildFile; fileRef = F57D5D36202CB46700ED9703 /* DreamHelper.xcdatamodeld */; };
		F57D5D3D202CB46700ED9703 /* LaunchScreen.storyboard in Resources */ = {isa = PBXBuildFile; fileRef = F57D5D3B202CB46700ED9703 /* LaunchScreen.storyboard */; };
		F57D5D48202CD1B800ED9703 /* CollectionViewCell.swift in Sources */ = {isa = PBXBuildFile; fileRef = F57D5D47202CD1B800ED9703 /* CollectionViewCell.swift */; };
		F57D5D4A202CD3A400ED9703 /* ChooseViewController.swift in Sources */ = {isa = PBXBuildFile; fileRef = F57D5D49202CD3A400ED9703 /* ChooseViewController.swift */; };
		F57D5D4C202CD95D00ED9703 /* Options.swift in Sources */ = {isa = PBXBuildFile; fileRef = F57D5D4B202CD95D00ED9703 /* Options.swift */; };
		F57D5D4E202CF53C00ED9703 /* Assets.xcassets in Resources */ = {isa = PBXBuildFile; fileRef = F57D5D4D202CF53C00ED9703 /* Assets.xcassets */; };
/* End PBXBuildFile section */

/* Begin PBXFileReference section */
		9DB75BE78FCF21C7BF753D68 /* Pods-DreamHelper.debug.xcconfig */ = {isa = PBXFileReference; includeInIndex = 1; lastKnownFileType = text.xcconfig; name = "Pods-DreamHelper.debug.xcconfig"; path = "Pods/Target Support Files/Pods-DreamHelper/Pods-DreamHelper.debug.xcconfig"; sourceTree = "<group>"; };
		A3E5F3224CB6CBA37BB5D5D2 /* Pods_DreamHelper.framework */ = {isa = PBXFileReference; explicitFileType = wrapper.framework; includeInIndex = 0; path = Pods_DreamHelper.framework; sourceTree = BUILT_PRODUCTS_DIR; };
		BFCEB945E8843A26BFCC7201 /* Pods-DreamHelper.release.xcconfig */ = {isa = PBXFileReference; includeInIndex = 1; lastKnownFileType = text.xcconfig; name = "Pods-DreamHelper.release.xcconfig"; path = "Pods/Target Support Files/Pods-DreamHelper/Pods-DreamHelper.release.xcconfig"; sourceTree = "<group>"; };
		F54F5EA6202E209200E87DC3 /* Option.swift */ = {isa = PBXFileReference; lastKnownFileType = sourcecode.swift; path = Option.swift; sourceTree = "<group>"; };
		F54F5EA8202E28D900E87DC3 /* ConcertsViewController.swift */ = {isa = PBXFileReference; lastKnownFileType = sourcecode.swift; path = ConcertsViewController.swift; sourceTree = "<group>"; };
		F54F5EAA202E2B5F00E87DC3 /* TableViewCell.swift */ = {isa = PBXFileReference; lastKnownFileType = sourcecode.swift; path = TableViewCell.swift; sourceTree = "<group>"; };
		F57D5D2C202CB46700ED9703 /* DreamHelper.app */ = {isa = PBXFileReference; explicitFileType = wrapper.application; includeInIndex = 0; path = DreamHelper.app; sourceTree = BUILT_PRODUCTS_DIR; };
		F57D5D2F202CB46700ED9703 /* AppDelegate.swift */ = {isa = PBXFileReference; lastKnownFileType = sourcecode.swift; path = AppDelegate.swift; sourceTree = "<group>"; };
		F57D5D31202CB46700ED9703 /* MainViewController.swift */ = {isa = PBXFileReference; lastKnownFileType = sourcecode.swift; path = MainViewController.swift; sourceTree = "<group>"; };
		F57D5D34202CB46700ED9703 /* Base */ = {isa = PBXFileReference; lastKnownFileType = file.storyboard; name = Base; path = Base.lproj/Main.storyboard; sourceTree = "<group>"; };
		F57D5D37202CB46700ED9703 /* DreamHelper.xcdatamodel */ = {isa = PBXFileReference; lastKnownFileType = wrapper.xcdatamodel; path = DreamHelper.xcdatamodel; sourceTree = "<group>"; };
		F57D5D3C202CB46700ED9703 /* Base */ = {isa = PBXFileReference; lastKnownFileType = file.storyboard; name = Base; path = Base.lproj/LaunchScreen.storyboard; sourceTree = "<group>"; };
		F57D5D3E202CB46700ED9703 /* Info.plist */ = {isa = PBXFileReference; lastKnownFileType = text.plist.xml; path = Info.plist; sourceTree = "<group>"; };
		F57D5D47202CD1B800ED9703 /* CollectionViewCell.swift */ = {isa = PBXFileReference; lastKnownFileType = sourcecode.swift; path = CollectionViewCell.swift; sourceTree = "<group>"; };
		F57D5D49202CD3A400ED9703 /* ChooseViewController.swift */ = {isa = PBXFileReference; lastKnownFileType = sourcecode.swift; path = ChooseViewController.swift; sourceTree = "<group>"; };
		F57D5D4B202CD95D00ED9703 /* Options.swift */ = {isa = PBXFileReference; lastKnownFileType = sourcecode.swift; path = Options.swift; sourceTree = "<group>"; };
		F57D5D4D202CF53C00ED9703 /* Assets.xcassets */ = {isa = PBXFileReference; lastKnownFileType = folder.assetcatalog; path = Assets.xcassets; sourceTree = "<group>"; };
/* End PBXFileReference section */

/* Begin PBXFrameworksBuildPhase section */
		F57D5D29202CB46600ED9703 /* Frameworks */ = {
			isa = PBXFrameworksBuildPhase;
			buildActionMask = 2147483647;
			files = (
				290D04DC983D3BF766C294AD /* Pods_DreamHelper.framework in Frameworks */,
			);
			runOnlyForDeploymentPostprocessing = 0;
		};
/* End PBXFrameworksBuildPhase section */

/* Begin PBXGroup section */
		42E342950437AEDBC650E1A0 /* Frameworks */ = {
			isa = PBXGroup;
			children = (
				A3E5F3224CB6CBA37BB5D5D2 /* Pods_DreamHelper.framework */,
			);
			name = Frameworks;
			sourceTree = "<group>";
		};
		E1223F2D2E2367F667313DFF /* Pods */ = {
			isa = PBXGroup;
			children = (
				9DB75BE78FCF21C7BF753D68 /* Pods-DreamHelper.debug.xcconfig */,
				BFCEB945E8843A26BFCC7201 /* Pods-DreamHelper.release.xcconfig */,
			);
			name = Pods;
			sourceTree = "<group>";
		};
		F57D5D23202CB46600ED9703 = {
			isa = PBXGroup;
			children = (
				F57D5D2E202CB46700ED9703 /* DreamHelper */,
				F57D5D2D202CB46700ED9703 /* Products */,
				E1223F2D2E2367F667313DFF /* Pods */,
				42E342950437AEDBC650E1A0 /* Frameworks */,
			);
			sourceTree = "<group>";
		};
		F57D5D2D202CB46700ED9703 /* Products */ = {
			isa = PBXGroup;
			children = (
				F57D5D2C202CB46700ED9703 /* DreamHelper.app */,
			);
			name = Products;
			sourceTree = "<group>";
		};
		F57D5D2E202CB46700ED9703 /* DreamHelper */ = {
			isa = PBXGroup;
			children = (
				F57D5D46202CB8E500ED9703 /* Model */,
				F57D5D45202CB8D600ED9703 /* Controller */,
				F57D5D44202CB8CF00ED9703 /* View */,
				F57D5D3B202CB46700ED9703 /* LaunchScreen.storyboard */,
				F57D5D3E202CB46700ED9703 /* Info.plist */,
				F57D5D2F202CB46700ED9703 /* AppDelegate.swift */,
				F57D5D36202CB46700ED9703 /* DreamHelper.xcdatamodeld */,
				F57D5D4D202CF53C00ED9703 /* Assets.xcassets */,
			);
			path = DreamHelper;
			sourceTree = "<group>";
		};
		F57D5D44202CB8CF00ED9703 /* View */ = {
			isa = PBXGroup;
			children = (
				F57D5D33202CB46700ED9703 /* Main.storyboard */,
			);
			path = View;
			sourceTree = "<group>";
		};
		F57D5D45202CB8D600ED9703 /* Controller */ = {
			isa = PBXGroup;
			children = (
				F57D5D31202CB46700ED9703 /* MainViewController.swift */,
				F57D5D49202CD3A400ED9703 /* ChooseViewController.swift */,
				F54F5EA8202E28D900E87DC3 /* ConcertsViewController.swift */,
			);
			path = Controller;
			sourceTree = "<group>";
		};
		F57D5D46202CB8E500ED9703 /* Model */ = {
			isa = PBXGroup;
			children = (
				F57D5D47202CD1B800ED9703 /* CollectionViewCell.swift */,
				F57D5D4B202CD95D00ED9703 /* Options.swift */,
				F54F5EA6202E209200E87DC3 /* Option.swift */,
				F54F5EAA202E2B5F00E87DC3 /* TableViewCell.swift */,
			);
			path = Model;
			sourceTree = "<group>";
		};
/* End PBXGroup section */

/* Begin PBXNativeTarget section */
		F57D5D2B202CB46600ED9703 /* DreamHelper */ = {
			isa = PBXNativeTarget;
			buildConfigurationList = F57D5D41202CB46700ED9703 /* Build configuration list for PBXNativeTarget "DreamHelper" */;
			buildPhases = (
				157E502B8D57E08FE2462B7E /* [CP] Check Pods Manifest.lock */,
				F57D5D28202CB46600ED9703 /* Sources */,
				F57D5D29202CB46600ED9703 /* Frameworks */,
				F57D5D2A202CB46600ED9703 /* Resources */,
				4A68F900643C9CB14900E30C /* [CP] Embed Pods Frameworks */,
				70023D90DAC7B7F597E003FD /* [CP] Copy Pods Resources */,
			);
			buildRules = (
			);
			dependencies = (
			);
			name = DreamHelper;
			productName = DreamHelper;
			productReference = F57D5D2C202CB46700ED9703 /* DreamHelper.app */;
			productType = "com.apple.product-type.application";
		};
/* End PBXNativeTarget section */

/* Begin PBXProject section */
		F57D5D24202CB46600ED9703 /* Project object */ = {
			isa = PBXProject;
			attributes = {
				LastSwiftUpdateCheck = 0920;
				LastUpgradeCheck = 0920;
				ORGANIZATIONNAME = "Rodrigo Salles Stefani";
				TargetAttributes = {
					F57D5D2B202CB46600ED9703 = {
						CreatedOnToolsVersion = 9.2;
						ProvisioningStyle = Automatic;
					};
				};
			};
			buildConfigurationList = F57D5D27202CB46600ED9703 /* Build configuration list for PBXProject "DreamHelper" */;
			compatibilityVersion = "Xcode 8.0";
			developmentRegion = en;
			hasScannedForEncodings = 0;
			knownRegions = (
				en,
				Base,
			);
			mainGroup = F57D5D23202CB46600ED9703;
			productRefGroup = F57D5D2D202CB46700ED9703 /* Products */;
			projectDirPath = "";
			projectRoot = "";
			targets = (
				F57D5D2B202CB46600ED9703 /* DreamHelper */,
			);
		};
/* End PBXProject section */

/* Begin PBXResourcesBuildPhase section */
		F57D5D2A202CB46600ED9703 /* Resources */ = {
			isa = PBXResourcesBuildPhase;
			buildActionMask = 2147483647;
			files = (
				F57D5D3D202CB46700ED9703 /* LaunchScreen.storyboard in Resources */,
				F57D5D4E202CF53C00ED9703 /* Assets.xcassets in Resources */,
				F57D5D35202CB46700ED9703 /* Main.storyboard in Resources */,
			);
			runOnlyForDeploymentPostprocessing = 0;
		};
/* End PBXResourcesBuildPhase section */

/* Begin PBXShellScriptBuildPhase section */
		157E502B8D57E08FE2462B7E /* [CP] Check Pods Manifest.lock */ = {
			isa = PBXShellScriptBuildPhase;
			buildActionMask = 2147483647;
			files = (
			);
			inputPaths = (
				"${PODS_PODFILE_DIR_PATH}/Podfile.lock",
				"${PODS_ROOT}/Manifest.lock",
			);
			name = "[CP] Check Pods Manifest.lock";
			outputPaths = (
				"$(DERIVED_FILE_DIR)/Pods-DreamHelper-checkManifestLockResult.txt",
			);
			runOnlyForDeploymentPostprocessing = 0;
			shellPath = /bin/sh;
			shellScript = "diff \"${PODS_PODFILE_DIR_PATH}/Podfile.lock\" \"${PODS_ROOT}/Manifest.lock\" > /dev/null\nif [ $? != 0 ] ; then\n    # print error to STDERR\n    echo \"error: The sandbox is not in sync with the Podfile.lock. Run 'pod install' or update your CocoaPods installation.\" >&2\n    exit 1\nfi\n# This output is used by Xcode 'outputs' to avoid re-running this script phase.\necho \"SUCCESS\" > \"${SCRIPT_OUTPUT_FILE_0}\"\n";
			showEnvVarsInLog = 0;
		};
		4A68F900643C9CB14900E30C /* [CP] Embed Pods Frameworks */ = {
			isa = PBXShellScriptBuildPhase;
			buildActionMask = 2147483647;
			files = (
			);
			inputPaths = (
				"${SRCROOT}/Pods/Target Support Files/Pods-DreamHelper/Pods-DreamHelper-frameworks.sh",
				"${BUILT_PRODUCTS_DIR}/SwifterSwift/SwifterSwift.framework",
			);
			name = "[CP] Embed Pods Frameworks";
			outputPaths = (
				"${TARGET_BUILD_DIR}/${FRAMEWORKS_FOLDER_PATH}/SwifterSwift.framework",
			);
			runOnlyForDeploymentPostprocessing = 0;
			shellPath = /bin/sh;
			shellScript = "\"${SRCROOT}/Pods/Target Support Files/Pods-DreamHelper/Pods-DreamHelper-frameworks.sh\"\n";
			showEnvVarsInLog = 0;
		};
		70023D90DAC7B7F597E003FD /* [CP] Copy Pods Resources */ = {
			isa = PBXShellScriptBuildPhase;
			buildActionMask = 2147483647;
			files = (
			);
			inputPaths = (
			);
			name = "[CP] Copy Pods Resources";
			outputPaths = (
			);
			runOnlyForDeploymentPostprocessing = 0;
			shellPath = /bin/sh;
			shellScript = "\"${SRCROOT}/Pods/Target Support Files/Pods-DreamHelper/Pods-DreamHelper-resources.sh\"\n";
			showEnvVarsInLog = 0;
		};
/* End PBXShellScriptBuildPhase section */

/* Begin PBXSourcesBuildPhase section */
		F57D5D28202CB46600ED9703 /* Sources */ = {
			isa = PBXSourcesBuildPhase;
			buildActionMask = 2147483647;
			files = (
				F57D5D32202CB46700ED9703 /* MainViewController.swift in Sources */,
				F57D5D30202CB46700ED9703 /* AppDelegate.swift in Sources */,
				F54F5EA7202E209200E87DC3 /* Option.swift in Sources */,
				F54F5EAB202E2B5F00E87DC3 /* TableViewCell.swift in Sources */,
				F57D5D48202CD1B800ED9703 /* CollectionViewCell.swift in Sources */,
				F57D5D4A202CD3A400ED9703 /* ChooseViewController.swift in Sources */,
				F57D5D4C202CD95D00ED9703 /* Options.swift in Sources */,
				F57D5D38202CB46700ED9703 /* DreamHelper.xcdatamodeld in Sources */,
				F54F5EA9202E28D900E87DC3 /* ConcertsViewController.swift in Sources */,
			);
			runOnlyForDeploymentPostprocessing = 0;
		};
/* End PBXSourcesBuildPhase section */

/* Begin PBXVariantGroup section */
		F57D5D33202CB46700ED9703 /* Main.storyboard */ = {
			isa = PBXVariantGroup;
			children = (
				F57D5D34202CB46700ED9703 /* Base */,
			);
			name = Main.storyboard;
			sourceTree = "<group>";
		};
		F57D5D3B202CB46700ED9703 /* LaunchScreen.storyboard */ = {
			isa = PBXVariantGroup;
			children = (
				F57D5D3C202CB46700ED9703 /* Base */,
			);
			name = LaunchScreen.storyboard;
			sourceTree = "<group>";
		};
/* End PBXVariantGroup section */

/* Begin XCBuildConfiguration section */
		F57D5D3F202CB46700ED9703 /* Debug */ = {
			isa = XCBuildConfiguration;
			buildSettings = {
				ALWAYS_SEARCH_USER_PATHS = NO;
				CLANG_ANALYZER_NONNULL = YES;
				CLANG_ANALYZER_NUMBER_OBJECT_CONVERSION = YES_AGGRESSIVE;
				CLANG_CXX_LANGUAGE_STANDARD = "gnu++14";
				CLANG_CXX_LIBRARY = "libc++";
				CLANG_ENABLE_MODULES = YES;
				CLANG_ENABLE_OBJC_ARC = YES;
				CLANG_WARN_BLOCK_CAPTURE_AUTORELEASING = YES;
				CLANG_WARN_BOOL_CONVERSION = YES;
				CLANG_WARN_COMMA = YES;
				CLANG_WARN_CONSTANT_CONVERSION = YES;
				CLANG_WARN_DIRECT_OBJC_ISA_USAGE = YES_ERROR;
				CLANG_WARN_DOCUMENTATION_COMMENTS = YES;
				CLANG_WARN_EMPTY_BODY = YES;
				CLANG_WARN_ENUM_CONVERSION = YES;
				CLANG_WARN_INFINITE_RECURSION = YES;
				CLANG_WARN_INT_CONVERSION = YES;
				CLANG_WARN_NON_LITERAL_NULL_CONVERSION = YES;
				CLANG_WARN_OBJC_LITERAL_CONVERSION = YES;
				CLANG_WARN_OBJC_ROOT_CLASS = YES_ERROR;
				CLANG_WARN_RANGE_LOOP_ANALYSIS = YES;
				CLANG_WARN_STRICT_PROTOTYPES = YES;
				CLANG_WARN_SUSPICIOUS_MOVE = YES;
				CLANG_WARN_UNGUARDED_AVAILABILITY = YES_AGGRESSIVE;
				CLANG_WARN_UNREACHABLE_CODE = YES;
				CLANG_WARN__DUPLICATE_METHOD_MATCH = YES;
				CODE_SIGN_IDENTITY = "iPhone Developer";
				COPY_PHASE_STRIP = NO;
				DEBUG_INFORMATION_FORMAT = dwarf;
				ENABLE_STRICT_OBJC_MSGSEND = YES;
				ENABLE_TESTABILITY = YES;
				GCC_C_LANGUAGE_STANDARD = gnu11;
				GCC_DYNAMIC_NO_PIC = NO;
				GCC_NO_COMMON_BLOCKS = YES;
				GCC_OPTIMIZATION_LEVEL = 0;
				GCC_PREPROCESSOR_DEFINITIONS = (
					"DEBUG=1",
					"$(inherited)",
				);
				GCC_WARN_64_TO_32_BIT_CONVERSION = YES;
				GCC_WARN_ABOUT_RETURN_TYPE = YES_ERROR;
				GCC_WARN_UNDECLARED_SELECTOR = YES;
				GCC_WARN_UNINITIALIZED_AUTOS = YES_AGGRESSIVE;
				GCC_WARN_UNUSED_FUNCTION = YES;
				GCC_WARN_UNUSED_VARIABLE = YES;
				IPHONEOS_DEPLOYMENT_TARGET = 11.2;
				MTL_ENABLE_DEBUG_INFO = YES;
				ONLY_ACTIVE_ARCH = YES;
				SDKROOT = iphoneos;
				SWIFT_ACTIVE_COMPILATION_CONDITIONS = DEBUG;
				SWIFT_OPTIMIZATION_LEVEL = "-Onone";
			};
			name = Debug;
		};
		F57D5D40202CB46700ED9703 /* Release */ = {
			isa = XCBuildConfiguration;
			buildSettings = {
				ALWAYS_SEARCH_USER_PATHS = NO;
				CLANG_ANALYZER_NONNULL = YES;
				CLANG_ANALYZER_NUMBER_OBJECT_CONVERSION = YES_AGGRESSIVE;
				CLANG_CXX_LANGUAGE_STANDARD = "gnu++14";
				CLANG_CXX_LIBRARY = "libc++";
				CLANG_ENABLE_MODULES = YES;
				CLANG_ENABLE_OBJC_ARC = YES;
				CLANG_WARN_BLOCK_CAPTURE_AUTORELEASING = YES;
				CLANG_WARN_BOOL_CONVERSION = YES;
				CLANG_WARN_COMMA = YES;
				CLANG_WARN_CONSTANT_CONVERSION = YES;
				CLANG_WARN_DIRECT_OBJC_ISA_USAGE = YES_ERROR;
				CLANG_WARN_DOCUMENTATION_COMMENTS = YES;
				CLANG_WARN_EMPTY_BODY = YES;
				CLANG_WARN_ENUM_CONVERSION = YES;
				CLANG_WARN_INFINITE_RECURSION = YES;
				CLANG_WARN_INT_CONVERSION = YES;
				CLANG_WARN_NON_LITERAL_NULL_CONVERSION = YES;
				CLANG_WARN_OBJC_LITERAL_CONVERSION = YES;
				CLANG_WARN_OBJC_ROOT_CLASS = YES_ERROR;
				CLANG_WARN_RANGE_LOOP_ANALYSIS = YES;
				CLANG_WARN_STRICT_PROTOTYPES = YES;
				CLANG_WARN_SUSPICIOUS_MOVE = YES;
				CLANG_WARN_UNGUARDED_AVAILABILITY = YES_AGGRESSIVE;
				CLANG_WARN_UNREACHABLE_CODE = YES;
				CLANG_WARN__DUPLICATE_METHOD_MATCH = YES;
				CODE_SIGN_IDENTITY = "iPhone Developer";
				COPY_PHASE_STRIP = NO;
				DEBUG_INFORMATION_FORMAT = "dwarf-with-dsym";
				ENABLE_NS_ASSERTIONS = NO;
				ENABLE_STRICT_OBJC_MSGSEND = YES;
				GCC_C_LANGUAGE_STANDARD = gnu11;
				GCC_NO_COMMON_BLOCKS = YES;
				GCC_WARN_64_TO_32_BIT_CONVERSION = YES;
				GCC_WARN_ABOUT_RETURN_TYPE = YES_ERROR;
				GCC_WARN_UNDECLARED_SELECTOR = YES;
				GCC_WARN_UNINITIALIZED_AUTOS = YES_AGGRESSIVE;
				GCC_WARN_UNUSED_FUNCTION = YES;
				GCC_WARN_UNUSED_VARIABLE = YES;
				IPHONEOS_DEPLOYMENT_TARGET = 11.2;
				MTL_ENABLE_DEBUG_INFO = NO;
				SDKROOT = iphoneos;
				SWIFT_OPTIMIZATION_LEVEL = "-Owholemodule";
				VALIDATE_PRODUCT = YES;
			};
			name = Release;
		};
		F57D5D42202CB46700ED9703 /* Debug */ = {
			isa = XCBuildConfiguration;
			baseConfigurationReference = 9DB75BE78FCF21C7BF753D68 /* Pods-DreamHelper.debug.xcconfig */;
			buildSettings = {
				ASSETCATALOG_COMPILER_APPICON_NAME = AppIcon;
				ASSETCATALOG_COMPILER_LAUNCHIMAGE_NAME = LaunchImage;
				CODE_SIGN_STYLE = Automatic;
				DEVELOPMENT_TEAM = 7658FGUAHR;
				INFOPLIST_FILE = DreamHelper/Info.plist;
				IPHONEOS_DEPLOYMENT_TARGET = 10.0;
				LD_RUNPATH_SEARCH_PATHS = "$(inherited) @executable_path/Frameworks";
				PRODUCT_BUNDLE_IDENTIFIER = rodrigossal.DreamHelper;
				PRODUCT_NAME = "$(TARGET_NAME)";
				SWIFT_VERSION = 4.0;
				TARGETED_DEVICE_FAMILY = "1,2";
			};
			name = Debug;
		};
		F57D5D43202CB46700ED9703 /* Release */ = {
			isa = XCBuildConfiguration;
			baseConfigurationReference = BFCEB945E8843A26BFCC7201 /* Pods-DreamHelper.release.xcconfig */;
			buildSettings = {
				ASSETCATALOG_COMPILER_APPICON_NAME = AppIcon;
				ASSETCATALOG_COMPILER_LAUNCHIMAGE_NAME = LaunchImage;
				CODE_SIGN_STYLE = Automatic;
				DEVELOPMENT_TEAM = 7658FGUAHR;
				INFOPLIST_FILE = DreamHelper/Info.plist;
				IPHONEOS_DEPLOYMENT_TARGET = 10.0;
				LD_RUNPATH_SEARCH_PATHS = "$(inherited) @executable_path/Frameworks";
				PRODUCT_BUNDLE_IDENTIFIER = rodrigossal.DreamHelper;
				PRODUCT_NAME = "$(TARGET_NAME)";
				SWIFT_VERSION = 4.0;
				TARGETED_DEVICE_FAMILY = "1,2";
			};
			name = Release;
		};
/* End XCBuildConfiguration section */

/* Begin XCConfigurationList section */
		F57D5D27202CB46600ED9703 /* Build configuration list for PBXProject "DreamHelper" */ = {
			isa = XCConfigurationList;
			buildConfigurations = (
				F57D5D3F202CB46700ED9703 /* Debug */,
				F57D5D40202CB46700ED9703 /* Release */,
			);
			defaultConfigurationIsVisible = 0;
			defaultConfigurationName = Release;
		};
		F57D5D41202CB46700ED9703 /* Build configuration list for PBXNativeTarget "DreamHelper" */ = {
			isa = XCConfigurationList;
			buildConfigurations = (
				F57D5D42202CB46700ED9703 /* Debug */,
				F57D5D43202CB46700ED9703 /* Release */,
			);
			defaultConfigurationIsVisible = 0;
			defaultConfigurationName = Release;
		};
/* End XCConfigurationList section */

/* Begin XCVersionGroup section */
		F57D5D36202CB46700ED9703 /* DreamHelper.xcdatamodeld */ = {
			isa = XCVersionGroup;
			children = (
				F57D5D37202CB46700ED9703 /* DreamHelper.xcdatamodel */,
			);
			currentVersion = F57D5D37202CB46700ED9703 /* DreamHelper.xcdatamodel */;
			path = DreamHelper.xcdatamodeld;
			sourceTree = "<group>";
			versionGroupType = wrapper.xcdatamodel;
		};
/* End XCVersionGroup section */
	};
	rootObject = F57D5D24202CB46600ED9703 /* Project object */;
}
